
Microsoft Visual Studio Solution File, Format Version 11.00
# Visual Studio 2010
Project("{FAE04EC0-301F-11D3-BF4B-00C04F79EFBC}") = "Assembly-CSharp", "Assembly-CSharp.csproj", "{79ee383f-79ea-cc2a-5302-f790a47c049b}"
EndProject
Project("{FAE04EC0-301F-11D3-BF4B-00C04F79EFBC}") = "Assembly-CSharp-Editor", "Assembly-CSharp-Editor.csproj", "{52ee8c05-b0e4-c689-ef7f-353682d7b64d}"
EndProject
Global
	GlobalSection(SolutionConfigurationPlatforms) = preSolution
		Debug|Any CPU = Debug|Any CPU
	EndGlobalSection
	GlobalSection(ProjectConfigurationPlatforms) = postSolution
		{79ee383f-79ea-cc2a-5302-f790a47c049b}.Debug|Any CPU.ActiveCfg = Debug|Any CPU
		{79ee383f-79ea-cc2a-5302-f790a47c049b}.Debug|Any CPU.Build.0 = Debug|Any CPU
		{52ee8c05-b0e4-c689-ef7f-353682d7b64d}.Debug|Any CPU.ActiveCfg = Debug|Any CPU
		{52ee8c05-b0e4-c689-ef7f-353682d7b64d}.Debug|Any CPU.Build.0 = Debug|Any CPU
	EndGlobalSection
	GlobalSection(SolutionProperties) = preSolution
		HideSolutionNode = FALSE
	EndGlobalSection
EndGlobal
